
Microsoft Visual Studio Solution File, Format Version 12.00
# Visual Studio 14
VisualStudioVersion = 14.0.25420.1
MinimumVisualStudioVersion = 10.0.40219.1
Project("{FAE04EC0-301F-11D3-BF4B-00C04F79EFBC}") = "DetermineDotNetVersion", "DetermineDotNetVersion\DetermineDotNetVersion.csproj", "{39E593DE-628B-4B1B-9ED5-3561C5943BE1}"
EndProject
Global
	GlobalSection(SolutionConfigurationPlatforms) = preSolution
		Debug|Any CPU = Debug|Any CPU
		Release|Any CPU = Release|Any CPU
	EndGlobalSection
	GlobalSection(ProjectConfigurationPlatforms) = postSolution
		{39E593DE-628B-4B1B-9ED5-3561C5943BE1}.Debug|Any CPU.ActiveCfg = Debug|Any CPU
		{39E593DE-628B-4B1B-9ED5-3561C5943BE1}.Debug|Any CPU.Build.0 = Debug|Any CPU
		{39E593DE-628B-4B1B-9ED5-3561C5943BE1}.Release|Any CPU.ActiveCfg = Release|Any CPU
		{39E593DE-628B-4B1B-9ED5-3561C5943BE1}.Release|Any CPU.Build.0 = Release|Any CPU
	EndGlobalSection
	GlobalSection(SolutionProperties) = preSolution
		HideSolutionNode = FALSE
	EndGlobalSection
EndGlobal
